{
  "version": 4,
  "terraform_version": "1.5.0",
  "serial": 9,
  "lineage": "574c7882-4115-0c51-f645-fe1a4bea65ab",
  "outputs": {
    "codeserver_ip": {
      "value": "167.172.75.254",
      "type": "string"
    }
  },
  "resources": [
    {
      "mode": "data",
      "type": "digitalocean_droplet_snapshot",
      "name": "codeserver-snapshot",
      "provider": "provider[\"registry.terraform.io/digitalocean/digitalocean\"]",
      "instances": [
        {
          "schema_version": 0,
          "attributes": {
            "created_at": "2023-06-28T07:12:31Z",
            "droplet_id": "362640836",
            "id": "135493104",
            "min_disk_size": 10,
            "most_recent": true,
            "name": "codeserver",
            "name_regex": "^codeserver",
            "region": "sgp1",
            "regions": [
              "sgp1"
            ],
            "size": 1.93
          },
          "sensitive_attributes": []
        }
      ]
    },
    {
      "mode": "data",
      "type": "digitalocean_ssh_key",
      "name": "aipc",
      "provider": "provider[\"registry.terraform.io/digitalocean/digitalocean\"]",
      "instances": [
        {
          "schema_version": 0,
          "attributes": {
            "fingerprint": "74:48:aa:e8:7e:e6:f8:c4:e9:9d:8f:cf:ff:3c:2c:41",
            "id": 38680981,
            "name": "aipc",
            "public_key": "ssh-rsa AAAAB3NzaC1yc2EAAAADAQABAAABgQDdbvNgCMK6LiQi+tD0q+8Cm5yD/57Y9bFta0gqLYohHWG5LFtD84vU/5QoYoK0l7r1p+naOWy/QIPgE/I2tG68yKw9Dg8OSDB89nGqabEXxaZNwHQqxWIwPM8F7a9d3uEDcz7GdaqBFJ1SHQgWk0ttIVLuSFYwzT1sLys+K38Q0HhTRAyLbFBrZTrtFagSEmQSotf8ONGPw7VePwmFQBhiq10aXSI62JujITHEyDU/uirjoRXYUqR+qg0QbnWDxhx4/UqQRYFDGkWlw26XJ0/rb67ONxb+9FiNfy24l+XU4mmLLsd0QyIb2jbKVU4eXOByq3rtL2YEpmNqMaeqee4wmQb13vOCBD02iKylSO8udFZ3fdjroTT/PRyqjBhbOYGMWRs/6LL8CASiV16jL6g9DLRNNcGdwHyqmR+pI9MIJNB40rBGSuKusxF3wNa7FAUSIEUK1IZUg9kSh7I0Kptx5uvs7wVS024JdAsrmqwmWOmnU19e+dEciXEgHDt3PN0="
          },
          "sensitive_attributes": []
        }
      ]
    },
    {
      "mode": "managed",
      "type": "digitalocean_droplet",
      "name": "codeserver",
      "provider": "provider[\"registry.terraform.io/digitalocean/digitalocean\"]",
      "instances": [
        {
          "schema_version": 1,
          "attributes": {
            "backups": false,
            "created_at": "2023-06-28T08:49:39Z",
            "disk": 10,
            "droplet_agent": null,
            "graceful_shutdown": false,
            "id": "362650064",
            "image": "135493104",
            "ipv4_address": "167.172.75.254",
            "ipv4_address_private": "10.104.0.4",
            "ipv6": false,
            "ipv6_address": "",
            "locked": false,
            "memory": 512,
            "monitoring": false,
            "name": "codeserver",
            "price_hourly": 0.00595,
            "price_monthly": 4,
            "private_networking": true,
            "region": "sgp1",
            "resize_disk": true,
            "size": "s-1vcpu-512mb-10gb",
            "ssh_keys": [
              "38680981"
            ],
            "status": "active",
            "tags": null,
            "timeouts": null,
            "urn": "do:droplet:362650064",
            "user_data": null,
            "vcpus": 1,
            "volume_ids": [],
            "vpc_uuid": "ee9803b6-b43d-455d-9c25-81f9cc1070b8"
          },
          "sensitive_attributes": [],
          "private": "eyJlMmJmYjczMC1lY2FhLTExZTYtOGY4OC0zNDM2M2JjN2M0YzAiOnsiY3JlYXRlIjozNjAwMDAwMDAwMDAwLCJkZWxldGUiOjYwMDAwMDAwMDAwLCJ1cGRhdGUiOjM2MDAwMDAwMDAwMDB9LCJzY2hlbWFfdmVyc2lvbiI6IjEifQ==",
          "dependencies": [
            "data.digitalocean_droplet_snapshot.codeserver-snapshot",
            "data.digitalocean_ssh_key.aipc"
          ]
        }
      ]
    }
  ],
  "check_results": null
}
