{
  "version": 4,
  "terraform_version": "1.5.0",
  "serial": 51,
  "lineage": "81f4d785-44dc-99f7-3667-2ad7763973f1",
  "outputs": {
    "backend_ports": {
      "value": [
        32779,
        32778,
        32777
      ],
      "type": [
        "tuple",
        [
          "number",
          "number",
          "number"
        ]
      ]
    },
    "nginx_ip": {
      "value": "128.199.87.27",
      "type": "string"
    }
  },
  "resources": [
    {
      "mode": "data",
      "type": "digitalocean_ssh_key",
      "name": "aipc",
      "provider": "provider[\"registry.terraform.io/digitalocean/digitalocean\"]",
      "instances": [
        {
          "schema_version": 0,
          "attributes": {
            "fingerprint": "74:48:aa:e8:7e:e6:f8:c4:e9:9d:8f:cf:ff:3c:2c:41",
            "id": 38680981,
            "name": "aipc",
            "public_key": "ssh-rsa AAAAB3NzaC1yc2EAAAADAQABAAABgQDdbvNgCMK6LiQi+tD0q+8Cm5yD/57Y9bFta0gqLYohHWG5LFtD84vU/5QoYoK0l7r1p+naOWy/QIPgE/I2tG68yKw9Dg8OSDB89nGqabEXxaZNwHQqxWIwPM8F7a9d3uEDcz7GdaqBFJ1SHQgWk0ttIVLuSFYwzT1sLys+K38Q0HhTRAyLbFBrZTrtFagSEmQSotf8ONGPw7VePwmFQBhiq10aXSI62JujITHEyDU/uirjoRXYUqR+qg0QbnWDxhx4/UqQRYFDGkWlw26XJ0/rb67ONxb+9FiNfy24l+XU4mmLLsd0QyIb2jbKVU4eXOByq3rtL2YEpmNqMaeqee4wmQb13vOCBD02iKylSO8udFZ3fdjroTT/PRyqjBhbOYGMWRs/6LL8CASiV16jL6g9DLRNNcGdwHyqmR+pI9MIJNB40rBGSuKusxF3wNa7FAUSIEUK1IZUg9kSh7I0Kptx5uvs7wVS024JdAsrmqwmWOmnU19e+dEciXEgHDt3PN0="
          },
          "sensitive_attributes": []
        }
      ]
    },
    {
      "mode": "managed",
      "type": "digitalocean_droplet",
      "name": "nginx",
      "provider": "provider[\"registry.terraform.io/digitalocean/digitalocean\"]",
      "instances": [
        {
          "schema_version": 1,
          "attributes": {
            "backups": false,
            "created_at": "2023-06-26T09:57:15Z",
            "disk": 10,
            "droplet_agent": null,
            "graceful_shutdown": false,
            "id": "362362100",
            "image": "ubuntu-20-04-x64",
            "ipv4_address": "128.199.87.27",
            "ipv4_address_private": "10.104.0.4",
            "ipv6": false,
            "ipv6_address": "",
            "locked": false,
            "memory": 512,
            "monitoring": false,
            "name": "nginx",
            "price_hourly": 0.00595,
            "price_monthly": 4,
            "private_networking": true,
            "region": "sgp1",
            "resize_disk": true,
            "size": "s-1vcpu-512mb-10gb",
            "ssh_keys": [
              "38680981"
            ],
            "status": "active",
            "tags": null,
            "timeouts": null,
            "urn": "do:droplet:362362100",
            "user_data": null,
            "vcpus": 1,
            "volume_ids": [],
            "vpc_uuid": "ee9803b6-b43d-455d-9c25-81f9cc1070b8"
          },
          "sensitive_attributes": [],
          "private": "eyJlMmJmYjczMC1lY2FhLTExZTYtOGY4OC0zNDM2M2JjN2M0YzAiOnsiY3JlYXRlIjozNjAwMDAwMDAwMDAwLCJkZWxldGUiOjYwMDAwMDAwMDAwLCJ1cGRhdGUiOjM2MDAwMDAwMDAwMDB9LCJzY2hlbWFfdmVyc2lvbiI6IjEifQ==",
          "dependencies": [
            "data.digitalocean_ssh_key.aipc",
            "docker_container.bgg-backend",
            "docker_container.bgg-database",
            "docker_image.bgg-backend",
            "docker_image.bgg-database",
            "docker_network.bgg-net",
            "docker_volume.data-vol",
            "local_file.nginx-conf"
          ]
        }
      ]
    },
    {
      "mode": "managed",
      "type": "docker_container",
      "name": "bgg-backend",
      "provider": "provider[\"registry.terraform.io/kreuzwerker/docker\"]",
      "instances": [
        {
          "index_key": 0,
          "schema_version": 2,
          "attributes": {
            "attach": false,
            "bridge": "",
            "capabilities": [],
            "cgroupns_mode": null,
            "command": [],
            "container_logs": null,
            "container_read_refresh_timeout_milliseconds": 15000,
            "cpu_set": "",
            "cpu_shares": 0,
            "destroy_grace_seconds": null,
            "devices": [],
            "dns": null,
            "dns_opts": null,
            "dns_search": null,
            "domainname": "",
            "entrypoint": [
              "node",
              "dist/backend/src/main"
            ],
            "env": [
              "BGG_DB_HOST=my-bgg-database",
              "BGG_DB_PASSWORD=changeit",
              "BGG_DB_USER=root"
            ],
            "exit_code": null,
            "gpus": null,
            "group_add": null,
            "healthcheck": [
              {
                "interval": "1m0s",
                "retries": 3,
                "start_period": "5s",
                "test": [
                  "CMD-SHELL",
                  "curl -f localhost:$PORT/healthz || exit 1"
                ],
                "timeout": "3s"
              }
            ],
            "host": [],
            "hostname": "baab0280b046",
            "id": "baab0280b0465aa659be7bde3998cac9c43d7454a4cf1fc252f3b6b16b717483",
            "image": "sha256:1dc75c72b413dadfaef29157330642b3ac00daafd83b51e2f2e6a8a202e13183",
            "init": false,
            "ipc_mode": "private",
            "labels": [],
            "log_driver": "json-file",
            "log_opts": null,
            "logs": false,
            "max_retry_count": 0,
            "memory": 0,
            "memory_swap": 0,
            "mounts": [],
            "must_run": true,
            "name": "my-bgg-backend-0",
            "network_data": [
              {
                "gateway": "172.19.0.1",
                "global_ipv6_address": "",
                "global_ipv6_prefix_length": 0,
                "ip_address": "172.19.0.5",
                "ip_prefix_length": 16,
                "ipv6_gateway": "",
                "mac_address": "02:42:ac:13:00:05",
                "network_name": "my-bgg-net"
              }
            ],
            "network_mode": "default",
            "networks_advanced": [
              {
                "aliases": [],
                "ipv4_address": "",
                "ipv6_address": "",
                "name": "ce9db2435ecd377a4596d9535b5bdcebe261f5f4d8e4cb9ab27a4b52151cc2e4"
              }
            ],
            "pid_mode": "",
            "ports": [
              {
                "external": 32779,
                "internal": 3000,
                "ip": "0.0.0.0",
                "protocol": "tcp"
              }
            ],
            "privileged": false,
            "publish_all_ports": false,
            "read_only": false,
            "remove_volumes": true,
            "restart": "no",
            "rm": false,
            "runtime": "runc",
            "security_opts": [],
            "shm_size": 64,
            "start": true,
            "stdin_open": false,
            "stop_signal": "",
            "stop_timeout": 0,
            "storage_opts": null,
            "sysctls": null,
            "tmpfs": null,
            "tty": false,
            "ulimit": [],
            "upload": [],
            "user": "",
            "userns_mode": "",
            "volumes": [],
            "wait": false,
            "wait_timeout": 60,
            "working_dir": "/app"
          },
          "sensitive_attributes": [],
          "private": "eyJzY2hlbWFfdmVyc2lvbiI6IjIifQ==",
          "dependencies": [
            "docker_container.bgg-database",
            "docker_image.bgg-backend",
            "docker_image.bgg-database",
            "docker_network.bgg-net",
            "docker_volume.data-vol"
          ]
        },
        {
          "index_key": 1,
          "schema_version": 2,
          "attributes": {
            "attach": false,
            "bridge": "",
            "capabilities": [],
            "cgroupns_mode": null,
            "command": [],
            "container_logs": null,
            "container_read_refresh_timeout_milliseconds": 15000,
            "cpu_set": "",
            "cpu_shares": 0,
            "destroy_grace_seconds": null,
            "devices": [],
            "dns": null,
            "dns_opts": null,
            "dns_search": null,
            "domainname": "",
            "entrypoint": [
              "node",
              "dist/backend/src/main"
            ],
            "env": [
              "BGG_DB_HOST=my-bgg-database",
              "BGG_DB_PASSWORD=changeit",
              "BGG_DB_USER=root"
            ],
            "exit_code": null,
            "gpus": null,
            "group_add": null,
            "healthcheck": [
              {
                "interval": "1m0s",
                "retries": 3,
                "start_period": "5s",
                "test": [
                  "CMD-SHELL",
                  "curl -f localhost:$PORT/healthz || exit 1"
                ],
                "timeout": "3s"
              }
            ],
            "host": [],
            "hostname": "7f8ae247b02a",
            "id": "7f8ae247b02ab1be0da9675a0ffb523462595865d18ef0115182703fae5b7040",
            "image": "sha256:1dc75c72b413dadfaef29157330642b3ac00daafd83b51e2f2e6a8a202e13183",
            "init": false,
            "ipc_mode": "private",
            "labels": [],
            "log_driver": "json-file",
            "log_opts": null,
            "logs": false,
            "max_retry_count": 0,
            "memory": 0,
            "memory_swap": 0,
            "mounts": [],
            "must_run": true,
            "name": "my-bgg-backend-1",
            "network_data": [
              {
                "gateway": "172.19.0.1",
                "global_ipv6_address": "",
                "global_ipv6_prefix_length": 0,
                "ip_address": "172.19.0.4",
                "ip_prefix_length": 16,
                "ipv6_gateway": "",
                "mac_address": "02:42:ac:13:00:04",
                "network_name": "my-bgg-net"
              }
            ],
            "network_mode": "default",
            "networks_advanced": [
              {
                "aliases": [],
                "ipv4_address": "",
                "ipv6_address": "",
                "name": "ce9db2435ecd377a4596d9535b5bdcebe261f5f4d8e4cb9ab27a4b52151cc2e4"
              }
            ],
            "pid_mode": "",
            "ports": [
              {
                "external": 32778,
                "internal": 3000,
                "ip": "0.0.0.0",
                "protocol": "tcp"
              }
            ],
            "privileged": false,
            "publish_all_ports": false,
            "read_only": false,
            "remove_volumes": true,
            "restart": "no",
            "rm": false,
            "runtime": "runc",
            "security_opts": [],
            "shm_size": 64,
            "start": true,
            "stdin_open": false,
            "stop_signal": "",
            "stop_timeout": 0,
            "storage_opts": null,
            "sysctls": null,
            "tmpfs": null,
            "tty": false,
            "ulimit": [],
            "upload": [],
            "user": "",
            "userns_mode": "",
            "volumes": [],
            "wait": false,
            "wait_timeout": 60,
            "working_dir": "/app"
          },
          "sensitive_attributes": [],
          "private": "eyJzY2hlbWFfdmVyc2lvbiI6IjIifQ==",
          "dependencies": [
            "docker_container.bgg-database",
            "docker_image.bgg-backend",
            "docker_image.bgg-database",
            "docker_network.bgg-net",
            "docker_volume.data-vol"
          ]
        },
        {
          "index_key": 2,
          "schema_version": 2,
          "attributes": {
            "attach": false,
            "bridge": "",
            "capabilities": [],
            "cgroupns_mode": null,
            "command": [],
            "container_logs": null,
            "container_read_refresh_timeout_milliseconds": 15000,
            "cpu_set": "",
            "cpu_shares": 0,
            "destroy_grace_seconds": null,
            "devices": [],
            "dns": null,
            "dns_opts": null,
            "dns_search": null,
            "domainname": "",
            "entrypoint": [
              "node",
              "dist/backend/src/main"
            ],
            "env": [
              "BGG_DB_HOST=my-bgg-database",
              "BGG_DB_PASSWORD=changeit",
              "BGG_DB_USER=root"
            ],
            "exit_code": null,
            "gpus": null,
            "group_add": null,
            "healthcheck": [
              {
                "interval": "1m0s",
                "retries": 3,
                "start_period": "5s",
                "test": [
                  "CMD-SHELL",
                  "curl -f localhost:$PORT/healthz || exit 1"
                ],
                "timeout": "3s"
              }
            ],
            "host": [],
            "hostname": "e6cd3d48a456",
            "id": "e6cd3d48a45600a65773f28a6f5a13a6c7e4bbca1fa85515a9c2ea4294776059",
            "image": "sha256:1dc75c72b413dadfaef29157330642b3ac00daafd83b51e2f2e6a8a202e13183",
            "init": false,
            "ipc_mode": "private",
            "labels": [],
            "log_driver": "json-file",
            "log_opts": null,
            "logs": false,
            "max_retry_count": 0,
            "memory": 0,
            "memory_swap": 0,
            "mounts": [],
            "must_run": true,
            "name": "my-bgg-backend-2",
            "network_data": [
              {
                "gateway": "172.19.0.1",
                "global_ipv6_address": "",
                "global_ipv6_prefix_length": 0,
                "ip_address": "172.19.0.3",
                "ip_prefix_length": 16,
                "ipv6_gateway": "",
                "mac_address": "02:42:ac:13:00:03",
                "network_name": "my-bgg-net"
              }
            ],
            "network_mode": "default",
            "networks_advanced": [
              {
                "aliases": [],
                "ipv4_address": "",
                "ipv6_address": "",
                "name": "ce9db2435ecd377a4596d9535b5bdcebe261f5f4d8e4cb9ab27a4b52151cc2e4"
              }
            ],
            "pid_mode": "",
            "ports": [
              {
                "external": 32777,
                "internal": 3000,
                "ip": "0.0.0.0",
                "protocol": "tcp"
              }
            ],
            "privileged": false,
            "publish_all_ports": false,
            "read_only": false,
            "remove_volumes": true,
            "restart": "no",
            "rm": false,
            "runtime": "runc",
            "security_opts": [],
            "shm_size": 64,
            "start": true,
            "stdin_open": false,
            "stop_signal": "",
            "stop_timeout": 0,
            "storage_opts": null,
            "sysctls": null,
            "tmpfs": null,
            "tty": false,
            "ulimit": [],
            "upload": [],
            "user": "",
            "userns_mode": "",
            "volumes": [],
            "wait": false,
            "wait_timeout": 60,
            "working_dir": "/app"
          },
          "sensitive_attributes": [],
          "private": "eyJzY2hlbWFfdmVyc2lvbiI6IjIifQ==",
          "dependencies": [
            "docker_container.bgg-database",
            "docker_image.bgg-backend",
            "docker_image.bgg-database",
            "docker_network.bgg-net",
            "docker_volume.data-vol"
          ]
        }
      ]
    },
    {
      "mode": "managed",
      "type": "docker_container",
      "name": "bgg-database",
      "provider": "provider[\"registry.terraform.io/kreuzwerker/docker\"]",
      "instances": [
        {
          "schema_version": 2,
          "attributes": {
            "attach": false,
            "bridge": "",
            "capabilities": [],
            "cgroupns_mode": null,
            "command": [
              "mysqld"
            ],
            "container_logs": null,
            "container_read_refresh_timeout_milliseconds": 15000,
            "cpu_set": "",
            "cpu_shares": 0,
            "destroy_grace_seconds": null,
            "devices": [],
            "dns": null,
            "dns_opts": null,
            "dns_search": null,
            "domainname": "",
            "entrypoint": [
              "docker-entrypoint.sh"
            ],
            "env": [],
            "exit_code": null,
            "gpus": null,
            "group_add": null,
            "healthcheck": [
              {
                "interval": "1m0s",
                "retries": 3,
                "start_period": "5s",
                "test": [
                  "CMD-SHELL",
                  "mysqladmin ping -uroot -p${MYSQL_ROOT_PASSWORD} || exit 1"
                ],
                "timeout": "3s"
              }
            ],
            "host": [],
            "hostname": "711e2fa65b27",
            "id": "711e2fa65b27a31dedb985fec3e7f8c3ca79ff24b4c98cb5c6407e06332a9b33",
            "image": "sha256:2dc18f22acfcf47b190382cd04038628fd5da2ca086ade3721b50d2b88d6796a",
            "init": false,
            "ipc_mode": "private",
            "labels": [],
            "log_driver": "json-file",
            "log_opts": null,
            "logs": false,
            "max_retry_count": 0,
            "memory": 0,
            "memory_swap": 0,
            "mounts": [],
            "must_run": true,
            "name": "my-bgg-database",
            "network_data": [
              {
                "gateway": "172.19.0.1",
                "global_ipv6_address": "",
                "global_ipv6_prefix_length": 0,
                "ip_address": "172.19.0.2",
                "ip_prefix_length": 16,
                "ipv6_gateway": "",
                "mac_address": "02:42:ac:13:00:02",
                "network_name": "my-bgg-net"
              }
            ],
            "network_mode": "default",
            "networks_advanced": [
              {
                "aliases": [],
                "ipv4_address": "",
                "ipv6_address": "",
                "name": "ce9db2435ecd377a4596d9535b5bdcebe261f5f4d8e4cb9ab27a4b52151cc2e4"
              }
            ],
            "pid_mode": "",
            "ports": [
              {
                "external": 3306,
                "internal": 3306,
                "ip": "0.0.0.0",
                "protocol": "tcp"
              }
            ],
            "privileged": false,
            "publish_all_ports": false,
            "read_only": false,
            "remove_volumes": true,
            "restart": "no",
            "rm": false,
            "runtime": "runc",
            "security_opts": [],
            "shm_size": 64,
            "start": true,
            "stdin_open": false,
            "stop_signal": "",
            "stop_timeout": 0,
            "storage_opts": null,
            "sysctls": null,
            "tmpfs": null,
            "tty": false,
            "ulimit": [],
            "upload": [],
            "user": "",
            "userns_mode": "",
            "volumes": [
              {
                "container_path": "/var/lib/mqsql",
                "from_container": "",
                "host_path": "",
                "read_only": null,
                "volume_name": "my--data-vol"
              }
            ],
            "wait": false,
            "wait_timeout": 60,
            "working_dir": ""
          },
          "sensitive_attributes": [],
          "private": "eyJzY2hlbWFfdmVyc2lvbiI6IjIifQ==",
          "dependencies": [
            "docker_image.bgg-database",
            "docker_network.bgg-net",
            "docker_volume.data-vol"
          ]
        }
      ]
    },
    {
      "mode": "managed",
      "type": "docker_image",
      "name": "bgg-backend",
      "provider": "provider[\"registry.terraform.io/kreuzwerker/docker\"]",
      "instances": [
        {
          "schema_version": 0,
          "attributes": {
            "build": [],
            "force_remove": null,
            "id": "sha256:1dc75c72b413dadfaef29157330642b3ac00daafd83b51e2f2e6a8a202e13183chukmunnlee/bgg-backend:v3",
            "image_id": "sha256:1dc75c72b413dadfaef29157330642b3ac00daafd83b51e2f2e6a8a202e13183",
            "keep_locally": null,
            "name": "chukmunnlee/bgg-backend:v3",
            "platform": null,
            "pull_triggers": null,
            "repo_digest": "chukmunnlee/bgg-backend@sha256:772d16b8d529df43beebd82f73092157badf4dc9f0ba70f241fe8d63c7f77586",
            "triggers": null
          },
          "sensitive_attributes": [],
          "private": "bnVsbA=="
        }
      ]
    },
    {
      "mode": "managed",
      "type": "docker_image",
      "name": "bgg-database",
      "provider": "provider[\"registry.terraform.io/kreuzwerker/docker\"]",
      "instances": [
        {
          "schema_version": 0,
          "attributes": {
            "build": [],
            "force_remove": null,
            "id": "sha256:2dc18f22acfcf47b190382cd04038628fd5da2ca086ade3721b50d2b88d6796achukmunnlee/bgg-database:v3.1",
            "image_id": "sha256:2dc18f22acfcf47b190382cd04038628fd5da2ca086ade3721b50d2b88d6796a",
            "keep_locally": null,
            "name": "chukmunnlee/bgg-database:v3.1",
            "platform": null,
            "pull_triggers": null,
            "repo_digest": "chukmunnlee/bgg-database@sha256:c1794bf915f54ccbea366aac3c5471e8ce544fd885f1618b598a2085240eb213",
            "triggers": null
          },
          "sensitive_attributes": [],
          "private": "bnVsbA=="
        }
      ]
    },
    {
      "mode": "managed",
      "type": "docker_network",
      "name": "bgg-net",
      "provider": "provider[\"registry.terraform.io/kreuzwerker/docker\"]",
      "instances": [
        {
          "schema_version": 1,
          "attributes": {
            "attachable": false,
            "check_duplicate": null,
            "driver": "bridge",
            "id": "ce9db2435ecd377a4596d9535b5bdcebe261f5f4d8e4cb9ab27a4b52151cc2e4",
            "ingress": false,
            "internal": false,
            "ipam_config": [
              {
                "aux_address": {},
                "gateway": "172.19.0.1",
                "ip_range": "",
                "subnet": "172.19.0.0/16"
              }
            ],
            "ipam_driver": "default",
            "ipam_options": null,
            "ipv6": false,
            "labels": [],
            "name": "my-bgg-net",
            "options": {},
            "scope": "local"
          },
          "sensitive_attributes": [],
          "private": "eyJzY2hlbWFfdmVyc2lvbiI6IjEifQ=="
        }
      ]
    },
    {
      "mode": "managed",
      "type": "docker_volume",
      "name": "data-vol",
      "provider": "provider[\"registry.terraform.io/kreuzwerker/docker\"]",
      "instances": [
        {
          "schema_version": 1,
          "attributes": {
            "driver": "local",
            "driver_opts": null,
            "id": "my--data-vol",
            "labels": [],
            "mountpoint": "/var/lib/docker/volumes/my--data-vol/_data",
            "name": "my--data-vol"
          },
          "sensitive_attributes": [],
          "private": "eyJzY2hlbWFfdmVyc2lvbiI6IjEifQ=="
        }
      ]
    },
    {
      "mode": "managed",
      "type": "local_file",
      "name": "nginx-conf",
      "provider": "provider[\"registry.terraform.io/hashicorp/local\"]",
      "instances": [
        {
          "schema_version": 0,
          "attributes": {
            "content": "user www-data;\nworker_processes auto;\npid /run/nginx.pid;\n\nevents {\n    worker_connections 768;\n}\n\nhttp {\n    access_log /var/log/nginx/access.log;\n    error_log /var/log/nginx/error.log;\n\n    gzip on;\n\n    upstream app {\n        least_conn;\n        server 143.198.195.19:32779;\n        server 143.198.195.19:32778;\n        server 143.198.195.19:32777;\n    }\n\n    server {\n        listen 80;\n        location / {\n            proxy_pass http://apps;\n        }\n    }\n}\n",
            "content_base64": null,
            "content_base64sha256": "BGUXS5AVRRZnat8wBPXcG8hCZXruGsbNWREaEOU5LIE=",
            "content_base64sha512": "eebMFixi3v35O/oivVyw0wQfpeGuS4Pe6r98VFaFPvLbJuMJJIxG8R3zhJEgqM8OA772ZnieZmPwSbDQGJAIDw==",
            "content_md5": "016c62a3b3ef976c67bac6b47056137b",
            "content_sha1": "9d1efc8bd480c10f236f4b7a9386abe84772c123",
            "content_sha256": "0465174b90154516676adf3004f5dc1bc842657aee1ac6cd59111a10e5392c81",
            "content_sha512": "79e6cc162c62defdf93bfa22bd5cb0d3041fa5e1ae4b83deeabf7c5456853ef2db26e309248c46f11df3849120a8cf0e03bef666789e6663f049b0d01890080f",
            "directory_permission": "0777",
            "file_permission": "0777",
            "filename": "nginx.conf",
            "id": "9d1efc8bd480c10f236f4b7a9386abe84772c123",
            "sensitive_content": null,
            "source": null
          },
          "sensitive_attributes": [],
          "dependencies": [
            "docker_container.bgg-backend",
            "docker_container.bgg-database",
            "docker_image.bgg-backend",
            "docker_image.bgg-database",
            "docker_network.bgg-net",
            "docker_volume.data-vol"
          ]
        }
      ]
    },
    {
      "mode": "managed",
      "type": "local_file",
      "name": "root_at_nginx",
      "provider": "provider[\"registry.terraform.io/hashicorp/local\"]",
      "instances": [
        {
          "schema_version": 0,
          "attributes": {
            "content": "",
            "content_base64": null,
            "content_base64sha256": "47DEQpj8HBSa+/TImW+5JCeuQeRkm5NMpJWZG3hSuFU=",
            "content_base64sha512": "z4PhNX7vuL3xVChQ1m2AB9Yg5AULVxXcg/SpIdNs6c5H0NE8XYXysP+DGNKHfuwvY7kxvUdBeoGlODJ6+SfaPg==",
            "content_md5": "d41d8cd98f00b204e9800998ecf8427e",
            "content_sha1": "da39a3ee5e6b4b0d3255bfef95601890afd80709",
            "content_sha256": "e3b0c44298fc1c149afbf4c8996fb92427ae41e4649b934ca495991b7852b855",
            "content_sha512": "cf83e1357eefb8bdf1542850d66d8007d620e4050b5715dc83f4a921d36ce9ce47d0d13c5d85f2b0ff8318d2877eec2f63b931bd47417a81a538327af927da3e",
            "directory_permission": "0777",
            "file_permission": "0444",
            "filename": "root@128.199.87.27",
            "id": "da39a3ee5e6b4b0d3255bfef95601890afd80709",
            "sensitive_content": null,
            "source": null
          },
          "sensitive_attributes": [],
          "dependencies": [
            "data.digitalocean_ssh_key.aipc",
            "digitalocean_droplet.nginx",
            "docker_container.bgg-backend",
            "docker_container.bgg-database",
            "docker_image.bgg-backend",
            "docker_image.bgg-database",
            "docker_network.bgg-net",
            "docker_volume.data-vol",
            "local_file.nginx-conf"
          ]
        }
      ]
    }
  ],
  "check_results": null
}
