{
  "version": 4,
  "terraform_version": "1.5.0",
  "serial": 8,
  "lineage": "bcfd8e96-b6fc-a55e-89b1-fd140301f9b5",
  "outputs": {
    "codeserver_ip": {
      "value": "143.198.213.132",
      "type": "string"
    }
  },
  "resources": [
    {
      "mode": "data",
      "type": "digitalocean_ssh_key",
      "name": "aipc",
      "provider": "provider[\"registry.terraform.io/digitalocean/digitalocean\"]",
      "instances": [
        {
          "schema_version": 0,
          "attributes": {
            "fingerprint": "74:48:aa:e8:7e:e6:f8:c4:e9:9d:8f:cf:ff:3c:2c:41",
            "id": 38680981,
            "name": "aipc",
            "public_key": "ssh-rsa AAAAB3NzaC1yc2EAAAADAQABAAABgQDdbvNgCMK6LiQi+tD0q+8Cm5yD/57Y9bFta0gqLYohHWG5LFtD84vU/5QoYoK0l7r1p+naOWy/QIPgE/I2tG68yKw9Dg8OSDB89nGqabEXxaZNwHQqxWIwPM8F7a9d3uEDcz7GdaqBFJ1SHQgWk0ttIVLuSFYwzT1sLys+K38Q0HhTRAyLbFBrZTrtFagSEmQSotf8ONGPw7VePwmFQBhiq10aXSI62JujITHEyDU/uirjoRXYUqR+qg0QbnWDxhx4/UqQRYFDGkWlw26XJ0/rb67ONxb+9FiNfy24l+XU4mmLLsd0QyIb2jbKVU4eXOByq3rtL2YEpmNqMaeqee4wmQb13vOCBD02iKylSO8udFZ3fdjroTT/PRyqjBhbOYGMWRs/6LL8CASiV16jL6g9DLRNNcGdwHyqmR+pI9MIJNB40rBGSuKusxF3wNa7FAUSIEUK1IZUg9kSh7I0Kptx5uvs7wVS024JdAsrmqwmWOmnU19e+dEciXEgHDt3PN0="
          },
          "sensitive_attributes": []
        }
      ]
    },
    {
      "mode": "managed",
      "type": "digitalocean_droplet",
      "name": "codeserver",
      "provider": "provider[\"registry.terraform.io/digitalocean/digitalocean\"]",
      "instances": [
        {
          "schema_version": 1,
          "attributes": {
            "backups": false,
            "created_at": "2023-06-27T05:40:06Z",
            "disk": 10,
            "droplet_agent": null,
            "graceful_shutdown": false,
            "id": "362475350",
            "image": "ubuntu-20-04-x64",
            "ipv4_address": "143.198.213.132",
            "ipv4_address_private": "10.104.0.4",
            "ipv6": false,
            "ipv6_address": "",
            "locked": false,
            "memory": 512,
            "monitoring": false,
            "name": "codeserver",
            "price_hourly": 0.00595,
            "price_monthly": 4,
            "private_networking": true,
            "region": "sgp1",
            "resize_disk": true,
            "size": "s-1vcpu-512mb-10gb",
            "ssh_keys": [
              "38680981"
            ],
            "status": "active",
            "tags": [],
            "timeouts": null,
            "urn": "do:droplet:362475350",
            "user_data": null,
            "vcpus": 1,
            "volume_ids": [],
            "vpc_uuid": "ee9803b6-b43d-455d-9c25-81f9cc1070b8"
          },
          "sensitive_attributes": [],
          "private": "eyJlMmJmYjczMC1lY2FhLTExZTYtOGY4OC0zNDM2M2JjN2M0YzAiOnsiY3JlYXRlIjozNjAwMDAwMDAwMDAwLCJkZWxldGUiOjYwMDAwMDAwMDAwLCJ1cGRhdGUiOjM2MDAwMDAwMDAwMDB9LCJzY2hlbWFfdmVyc2lvbiI6IjEifQ==",
          "dependencies": [
            "data.digitalocean_ssh_key.aipc"
          ]
        }
      ]
    },
    {
      "mode": "managed",
      "type": "local_file",
      "name": "inventory",
      "provider": "provider[\"registry.terraform.io/hashicorp/local\"]",
      "instances": [
        {
          "schema_version": 0,
          "attributes": {
            "content": "all:\n    vars:\n        ansible_connection: ssh\n        ansible_user: root\n        ansible_ssh_private_key: /home/fred/.ssh/id_rsa\n    hosts:\n        codeserver:\n            ansible_host: 143.198.213.132\n            codeserver_domain: codes-server-143.198.213.132.nip.io\n            codeserver_password: password123456",
            "content_base64": null,
            "content_base64sha256": "0JWBne9D2WkJ1VaDt79XqUamZQlGmhsssREbFCqB30k=",
            "content_base64sha512": "ULcGZVkAcaxiUsA9AezRbJ0wvPHdBYNPkuNnSp8/3D9aNasCPVQpIL1egy5iHaoKZy4z3nPRcqIhH82nCY+Gww==",
            "content_md5": "16ee1ded50f3ae714fd46794e4488748",
            "content_sha1": "40a3be16c8f3a85a5995873de9ff3723c30eb819",
            "content_sha256": "d095819def43d96909d55683b7bf57a946a66509469a1b2cb1111b142a81df49",
            "content_sha512": "50b70665590071ac6252c03d01ecd16c9d30bcf1dd05834f92e3674a9f3fdc3f5a35ab023d542920bd5e832e621daa0a672e33de73d172a2211fcda7098f86c3",
            "directory_permission": "0777",
            "file_permission": "0444",
            "filename": "inventory.yaml",
            "id": "40a3be16c8f3a85a5995873de9ff3723c30eb819",
            "sensitive_content": null,
            "source": null
          },
          "sensitive_attributes": [],
          "dependencies": [
            "digitalocean_droplet.codeserver"
          ]
        }
      ]
    },
    {
      "mode": "managed",
      "type": "local_file",
      "name": "root_at_codeserver",
      "provider": "provider[\"registry.terraform.io/hashicorp/local\"]",
      "instances": [
        {
          "schema_version": 0,
          "attributes": {
            "content": "",
            "content_base64": null,
            "content_base64sha256": "47DEQpj8HBSa+/TImW+5JCeuQeRkm5NMpJWZG3hSuFU=",
            "content_base64sha512": "z4PhNX7vuL3xVChQ1m2AB9Yg5AULVxXcg/SpIdNs6c5H0NE8XYXysP+DGNKHfuwvY7kxvUdBeoGlODJ6+SfaPg==",
            "content_md5": "d41d8cd98f00b204e9800998ecf8427e",
            "content_sha1": "da39a3ee5e6b4b0d3255bfef95601890afd80709",
            "content_sha256": "e3b0c44298fc1c149afbf4c8996fb92427ae41e4649b934ca495991b7852b855",
            "content_sha512": "cf83e1357eefb8bdf1542850d66d8007d620e4050b5715dc83f4a921d36ce9ce47d0d13c5d85f2b0ff8318d2877eec2f63b931bd47417a81a538327af927da3e",
            "directory_permission": "0777",
            "file_permission": "0444",
            "filename": "root@143.198.213.132",
            "id": "da39a3ee5e6b4b0d3255bfef95601890afd80709",
            "sensitive_content": null,
            "source": null
          },
          "sensitive_attributes": [],
          "dependencies": [
            "data.digitalocean_ssh_key.aipc",
            "digitalocean_droplet.codeserver"
          ]
        }
      ]
    }
  ],
  "check_results": null
}
